// !$*UTF8*$!
{
	archiveVersion = 1;
	classes = {
	};
	objectVersion = 55;
	objects = {

/* Begin PBXBuildFile section */
		4C5E878527513EA0001F6658 /* DataRepository.swift in Sources */ = {isa = PBXBuildFile; fileRef = 4C5E878427513EA0001F6658 /* DataRepository.swift */; };
		4C5E878827513F3D001F6658 /* RequestMethods.swift in Sources */ = {isa = PBXBuildFile; fileRef = 4C5E878727513F3D001F6658 /* RequestMethods.swift */; };
		4C5E878B27513F98001F6658 /* UGError.swift in Sources */ = {isa = PBXBuildFile; fileRef = 4C5E878A27513F98001F6658 /* UGError.swift */; };
		4C5E878E27513FF8001F6658 /* Network.swift in Sources */ = {isa = PBXBuildFile; fileRef = 4C5E878D27513FF8001F6658 /* Network.swift */; };
		4C5E8792275147AC001F6658 /* ImageModel.swift in Sources */ = {isa = PBXBuildFile; fileRef = 4C5E8791275147AC001F6658 /* ImageModel.swift */; };
		4CE6F6F027503659006817C6 /* UranNetworking.docc in Sources */ = {isa = PBXBuildFile; fileRef = 4CE6F6EF27503659006817C6 /* UranNetworking.docc */; };
		4CE6F6F627503659006817C6 /* UranNetworking.framework in Frameworks */ = {isa = PBXBuildFile; fileRef = 4CE6F6EB27503659006817C6 /* UranNetworking.framework */; };
		4CE6F6FB27503659006817C6 /* UranNetworkingTests.swift in Sources */ = {isa = PBXBuildFile; fileRef = 4CE6F6FA27503659006817C6 /* UranNetworkingTests.swift */; };
		4CE6F6FC27503659006817C6 /* UranNetworking.h in Headers */ = {isa = PBXBuildFile; fileRef = 4CE6F6EE27503659006817C6 /* UranNetworking.h */; settings = {ATTRIBUTES = (Public, ); }; };
		4CE6F718275036B2006817C6 /* Networking.swift in Sources */ = {isa = PBXBuildFile; fileRef = 4CE6F717275036B2006817C6 /* Networking.swift */; };
		4CFAFFD32752FA3A0044472C /* SearchResultResponce.swift in Sources */ = {isa = PBXBuildFile; fileRef = 4CFAFFD22752FA3A0044472C /* SearchResultResponce.swift */; };
/* End PBXBuildFile section */

/* Begin PBXContainerItemProxy section */
		4CE6F6F727503659006817C6 /* PBXContainerItemProxy */ = {
			isa = PBXContainerItemProxy;
			containerPortal = 4CE6F6E227503659006817C6 /* Project object */;
			proxyType = 1;
			remoteGlobalIDString = 4CE6F6EA27503659006817C6;
			remoteInfo = UranNetworking;
		};
/* End PBXContainerItemProxy section */

/* Begin PBXFileReference section */
		4C5E878427513EA0001F6658 /* DataRepository.swift */ = {isa = PBXFileReference; lastKnownFileType = sourcecode.swift; path = DataRepository.swift; sourceTree = "<group>"; };
		4C5E878727513F3D001F6658 /* RequestMethods.swift */ = {isa = PBXFileReference; lastKnownFileType = sourcecode.swift; path = RequestMethods.swift; sourceTree = "<group>"; };
		4C5E878A27513F98001F6658 /* UGError.swift */ = {isa = PBXFileReference; lastKnownFileType = sourcecode.swift; path = UGError.swift; sourceTree = "<group>"; };
		4C5E878D27513FF8001F6658 /* Network.swift */ = {isa = PBXFileReference; lastKnownFileType = sourcecode.swift; path = Network.swift; sourceTree = "<group>"; };
		4C5E8791275147AC001F6658 /* ImageModel.swift */ = {isa = PBXFileReference; lastKnownFileType = sourcecode.swift; path = ImageModel.swift; sourceTree = "<group>"; };
		4CE6F6EB27503659006817C6 /* UranNetworking.framework */ = {isa = PBXFileReference; explicitFileType = wrapper.framework; includeInIndex = 0; path = UranNetworking.framework; sourceTree = BUILT_PRODUCTS_DIR; };
		4CE6F6EE27503659006817C6 /* UranNetworking.h */ = {isa = PBXFileReference; lastKnownFileType = sourcecode.c.h; path = UranNetworking.h; sourceTree = "<group>"; };
		4CE6F6EF27503659006817C6 /* UranNetworking.docc */ = {isa = PBXFileReference; lastKnownFileType = folder.documentationcatalog; path = UranNetworking.docc; sourceTree = "<group>"; };
		4CE6F6F527503659006817C6 /* UranNetworkingTests.xctest */ = {isa = PBXFileReference; explicitFileType = wrapper.cfbundle; includeInIndex = 0; path = UranNetworkingTests.xctest; sourceTree = BUILT_PRODUCTS_DIR; };
		4CE6F6FA27503659006817C6 /* UranNetworkingTests.swift */ = {isa = PBXFileReference; lastKnownFileType = sourcecode.swift; path = UranNetworkingTests.swift; sourceTree = "<group>"; };
		4CE6F717275036B2006817C6 /* Networking.swift */ = {isa = PBXFileReference; lastKnownFileType = sourcecode.swift; path = Networking.swift; sourceTree = "<group>"; };
		4CFAFFD22752FA3A0044472C /* SearchResultResponce.swift */ = {isa = PBXFileReference; lastKnownFileType = sourcecode.swift; path = SearchResultResponce.swift; sourceTree = "<group>"; };
/* End PBXFileReference section */

/* Begin PBXFrameworksBuildPhase section */
		4CE6F6E827503659006817C6 /* Frameworks */ = {
			isa = PBXFrameworksBuildPhase;
			buildActionMask = 2147483647;
			files = (
			);
			runOnlyForDeploymentPostprocessing = 0;
		};
		4CE6F6F227503659006817C6 /* Frameworks */ = {
			isa = PBXFrameworksBuildPhase;
			buildActionMask = 2147483647;
			files = (
				4CE6F6F627503659006817C6 /* UranNetworking.framework in Frameworks */,
			);
			runOnlyForDeploymentPostprocessing = 0;
		};
/* End PBXFrameworksBuildPhase section */

/* Begin PBXGroup section */
		4C5E878627513F2F001F6658 /* Networking */ = {
			isa = PBXGroup;
			children = (
				4C5E878727513F3D001F6658 /* RequestMethods.swift */,
				4C5E878A27513F98001F6658 /* UGError.swift */,
				4C5E878D27513FF8001F6658 /* Network.swift */,
				4CE6F717275036B2006817C6 /* Networking.swift */,
			);
			path = Networking;
			sourceTree = "<group>";
		};
		4C5E878F275146A9001F6658 /* Model */ = {
			isa = PBXGroup;
			children = (
				4C5E8791275147AC001F6658 /* ImageModel.swift */,
				4CFAFFD22752FA3A0044472C /* SearchResultResponce.swift */,
			);
			path = Model;
			sourceTree = "<group>";
		};
		4CE6F6E127503659006817C6 = {
			isa = PBXGroup;
			children = (
				4CE6F6ED27503659006817C6 /* UranNetworking */,
				4CE6F6F927503659006817C6 /* UranNetworkingTests */,
				4CE6F6EC27503659006817C6 /* Products */,
			);
			sourceTree = "<group>";
		};
		4CE6F6EC27503659006817C6 /* Products */ = {
			isa = PBXGroup;
			children = (
				4CE6F6EB27503659006817C6 /* UranNetworking.framework */,
				4CE6F6F527503659006817C6 /* UranNetworkingTests.xctest */,
			);
			name = Products;
			sourceTree = "<group>";
		};
		4CE6F6ED27503659006817C6 /* UranNetworking */ = {
			isa = PBXGroup;
			children = (
				4C5E878427513EA0001F6658 /* DataRepository.swift */,
				4C5E878627513F2F001F6658 /* Networking */,
				4C5E878F275146A9001F6658 /* Model */,
				4CE6F6EE27503659006817C6 /* UranNetworking.h */,
				4CE6F6EF27503659006817C6 /* UranNetworking.docc */,
			);
			path = UranNetworking;
			sourceTree = "<group>";
		};
		4CE6F6F927503659006817C6 /* UranNetworkingTests */ = {
			isa = PBXGroup;
			children = (
				4CE6F6FA27503659006817C6 /* UranNetworkingTests.swift */,
			);
			path = UranNetworkingTests;
			sourceTree = "<group>";
		};
/* End PBXGroup section */

/* Begin PBXHeadersBuildPhase section */
		4CE6F6E627503659006817C6 /* Headers */ = {
			isa = PBXHeadersBuildPhase;
			buildActionMask = 2147483647;
			files = (
				4CE6F6FC27503659006817C6 /* UranNetworking.h in Headers */,
			);
			runOnlyForDeploymentPostprocessing = 0;
		};
/* End PBXHeadersBuildPhase section */

/* Begin PBXNativeTarget section */
		4CE6F6EA27503659006817C6 /* UranNetworking */ = {
			isa = PBXNativeTarget;
			buildConfigurationList = 4CE6F6FF27503659006817C6 /* Build configuration list for PBXNativeTarget "UranNetworking" */;
			buildPhases = (
				4CE6F6E627503659006817C6 /* Headers */,
				4CE6F6E727503659006817C6 /* Sources */,
				4CE6F6E827503659006817C6 /* Frameworks */,
				4CE6F6E927503659006817C6 /* Resources */,
			);
			buildRules = (
			);
			dependencies = (
			);
			name = UranNetworking;
			productName = UranNetworking;
			productReference = 4CE6F6EB27503659006817C6 /* UranNetworking.framework */;
			productType = "com.apple.product-type.framework";
		};
		4CE6F6F427503659006817C6 /* UranNetworkingTests */ = {
			isa = PBXNativeTarget;
			buildConfigurationList = 4CE6F70227503659006817C6 /* Build configuration list for PBXNativeTarget "UranNetworkingTests" */;
			buildPhases = (
				4CE6F6F127503659006817C6 /* Sources */,
				4CE6F6F227503659006817C6 /* Frameworks */,
				4CE6F6F327503659006817C6 /* Resources */,
			);
			buildRules = (
			);
			dependencies = (
				4CE6F6F827503659006817C6 /* PBXTargetDependency */,
			);
			name = UranNetworkingTests;
			productName = UranNetworkingTests;
			productReference = 4CE6F6F527503659006817C6 /* UranNetworkingTests.xctest */;
			productType = "com.apple.product-type.bundle.unit-test";
		};
/* End PBXNativeTarget section */

/* Begin PBXProject section */
		4CE6F6E227503659006817C6 /* Project object */ = {
			isa = PBXProject;
			attributes = {
				BuildIndependentTargetsInParallel = 1;
				LastSwiftUpdateCheck = 1310;
				LastUpgradeCheck = 1310;
				TargetAttributes = {
					4CE6F6EA27503659006817C6 = {
						CreatedOnToolsVersion = 13.1;
					};
					4CE6F6F427503659006817C6 = {
						CreatedOnToolsVersion = 13.1;
					};
				};
			};
			buildConfigurationList = 4CE6F6E527503659006817C6 /* Build configuration list for PBXProject "UranNetworking" */;
			compatibilityVersion = "Xcode 13.0";
			developmentRegion = en;
			hasScannedForEncodings = 0;
			knownRegions = (
				en,
				Base,
			);
			mainGroup = 4CE6F6E127503659006817C6;
			productRefGroup = 4CE6F6EC27503659006817C6 /* Products */;
			projectDirPath = "";
			projectRoot = "";
			targets = (
				4CE6F6EA27503659006817C6 /* UranNetworking */,
				4CE6F6F427503659006817C6 /* UranNetworkingTests */,
			);
		};
/* End PBXProject section */

/* Begin PBXResourcesBuildPhase section */
		4CE6F6E927503659006817C6 /* Resources */ = {
			isa = PBXResourcesBuildPhase;
			buildActionMask = 2147483647;
			files = (
			);
			runOnlyForDeploymentPostprocessing = 0;
		};
		4CE6F6F327503659006817C6 /* Resources */ = {
			isa = PBXResourcesBuildPhase;
			buildActionMask = 2147483647;
			files = (
			);
			runOnlyForDeploymentPostprocessing = 0;
		};
/* End PBXResourcesBuildPhase section */

/* Begin PBXSourcesBuildPhase section */
		4CE6F6E727503659006817C6 /* Sources */ = {
			isa = PBXSourcesBuildPhase;
			buildActionMask = 2147483647;
			files = (
				4C5E878827513F3D001F6658 /* RequestMethods.swift in Sources */,
				4CFAFFD32752FA3A0044472C /* SearchResultResponce.swift in Sources */,
				4C5E878B27513F98001F6658 /* UGError.swift in Sources */,
				4C5E878E27513FF8001F6658 /* Network.swift in Sources */,
				4C5E8792275147AC001F6658 /* ImageModel.swift in Sources */,
				4C5E878527513EA0001F6658 /* DataRepository.swift in Sources */,
				4CE6F6F027503659006817C6 /* UranNetworking.docc in Sources */,
				4CE6F718275036B2006817C6 /* Networking.swift in Sources */,
			);
			runOnlyForDeploymentPostprocessing = 0;
		};
		4CE6F6F127503659006817C6 /* Sources */ = {
			isa = PBXSourcesBuildPhase;
			buildActionMask = 2147483647;
			files = (
				4CE6F6FB27503659006817C6 /* UranNetworkingTests.swift in Sources */,
			);
			runOnlyForDeploymentPostprocessing = 0;
		};
/* End PBXSourcesBuildPhase section */

/* Begin PBXTargetDependency section */
		4CE6F6F827503659006817C6 /* PBXTargetDependency */ = {
			isa = PBXTargetDependency;
			target = 4CE6F6EA27503659006817C6 /* UranNetworking */;
			targetProxy = 4CE6F6F727503659006817C6 /* PBXContainerItemProxy */;
		};
/* End PBXTargetDependency section */

/* Begin XCBuildConfiguration section */
		4CE6F6FD27503659006817C6 /* Debug */ = {
			isa = XCBuildConfiguration;
			buildSettings = {
				ALWAYS_SEARCH_USER_PATHS = NO;
				CLANG_ANALYZER_NONNULL = YES;
				CLANG_ANALYZER_NUMBER_OBJECT_CONVERSION = YES_AGGRESSIVE;
				CLANG_CXX_LANGUAGE_STANDARD = "gnu++17";
				CLANG_CXX_LIBRARY = "libc++";
				CLANG_ENABLE_MODULES = YES;
				CLANG_ENABLE_OBJC_ARC = YES;
				CLANG_ENABLE_OBJC_WEAK = YES;
				CLANG_WARN_BLOCK_CAPTURE_AUTORELEASING = YES;
				CLANG_WARN_BOOL_CONVERSION = YES;
				CLANG_WARN_COMMA = YES;
				CLANG_WARN_CONSTANT_CONVERSION = YES;
				CLANG_WARN_DEPRECATED_OBJC_IMPLEMENTATIONS = YES;
				CLANG_WARN_DIRECT_OBJC_ISA_USAGE = YES_ERROR;
				CLANG_WARN_DOCUMENTATION_COMMENTS = YES;
				CLANG_WARN_EMPTY_BODY = YES;
				CLANG_WARN_ENUM_CONVERSION = YES;
				CLANG_WARN_INFINITE_RECURSION = YES;
				CLANG_WARN_INT_CONVERSION = YES;
				CLANG_WARN_NON_LITERAL_NULL_CONVERSION = YES;
				CLANG_WARN_OBJC_IMPLICIT_RETAIN_SELF = YES;
				CLANG_WARN_OBJC_LITERAL_CONVERSION = YES;
				CLANG_WARN_OBJC_ROOT_CLASS = YES_ERROR;
				CLANG_WARN_QUOTED_INCLUDE_IN_FRAMEWORK_HEADER = YES;
				CLANG_WARN_RANGE_LOOP_ANALYSIS = YES;
				CLANG_WARN_STRICT_PROTOTYPES = YES;
				CLANG_WARN_SUSPICIOUS_MOVE = YES;
				CLANG_WARN_UNGUARDED_AVAILABILITY = YES_AGGRESSIVE;
				CLANG_WARN_UNREACHABLE_CODE = YES;
				CLANG_WARN__DUPLICATE_METHOD_MATCH = YES;
				COPY_PHASE_STRIP = NO;
				CURRENT_PROJECT_VERSION = 1;
				DEBUG_INFORMATION_FORMAT = dwarf;
				ENABLE_STRICT_OBJC_MSGSEND = YES;
				ENABLE_TESTABILITY = YES;
				GCC_C_LANGUAGE_STANDARD = gnu11;
				GCC_DYNAMIC_NO_PIC = NO;
				GCC_NO_COMMON_BLOCKS = YES;
				GCC_OPTIMIZATION_LEVEL = 0;
				GCC_PREPROCESSOR_DEFINITIONS = (
					"DEBUG=1",
					"$(inherited)",
				);
				GCC_WARN_64_TO_32_BIT_CONVERSION = YES;
				GCC_WARN_ABOUT_RETURN_TYPE = YES_ERROR;
				GCC_WARN_UNDECLARED_SELECTOR = YES;
				GCC_WARN_UNINITIALIZED_AUTOS = YES_AGGRESSIVE;
				GCC_WARN_UNUSED_FUNCTION = YES;
				GCC_WARN_UNUSED_VARIABLE = YES;
				IPHONEOS_DEPLOYMENT_TARGET = 15.0;
				MTL_ENABLE_DEBUG_INFO = INCLUDE_SOURCE;
				MTL_FAST_MATH = YES;
				ONLY_ACTIVE_ARCH = YES;
				SDKROOT = iphoneos;
				SWIFT_ACTIVE_COMPILATION_CONDITIONS = DEBUG;
				SWIFT_OPTIMIZATION_LEVEL = "-Onone";
				VERSIONING_SYSTEM = "apple-generic";
				VERSION_INFO_PREFIX = "";
			};
			name = Debug;
		};
		4CE6F6FE27503659006817C6 /* Release */ = {
			isa = XCBuildConfiguration;
			buildSettings = {
				ALWAYS_SEARCH_USER_PATHS = NO;
				CLANG_ANALYZER_NONNULL = YES;
				CLANG_ANALYZER_NUMBER_OBJECT_CONVERSION = YES_AGGRESSIVE;
				CLANG_CXX_LANGUAGE_STANDARD = "gnu++17";
				CLANG_CXX_LIBRARY = "libc++";
				CLANG_ENABLE_MODULES = YES;
				CLANG_ENABLE_OBJC_ARC = YES;
				CLANG_ENABLE_OBJC_WEAK = YES;
				CLANG_WARN_BLOCK_CAPTURE_AUTORELEASING = YES;
				CLANG_WARN_BOOL_CONVERSION = YES;
				CLANG_WARN_COMMA = YES;
				CLANG_WARN_CONSTANT_CONVERSION = YES;
				CLANG_WARN_DEPRECATED_OBJC_IMPLEMENTATIONS = YES;
				CLANG_WARN_DIRECT_OBJC_ISA_USAGE = YES_ERROR;
				CLANG_WARN_DOCUMENTATION_COMMENTS = YES;
				CLANG_WARN_EMPTY_BODY = YES;
				CLANG_WARN_ENUM_CONVERSION = YES;
				CLANG_WARN_INFINITE_RECURSION = YES;
				CLANG_WARN_INT_CONVERSION = YES;
				CLANG_WARN_NON_LITERAL_NULL_CONVERSION = YES;
				CLANG_WARN_OBJC_IMPLICIT_RETAIN_SELF = YES;
				CLANG_WARN_OBJC_LITERAL_CONVERSION = YES;
				CLANG_WARN_OBJC_ROOT_CLASS = YES_ERROR;
				CLANG_WARN_QUOTED_INCLUDE_IN_FRAMEWORK_HEADER = YES;
				CLANG_WARN_RANGE_LOOP_ANALYSIS = YES;
				CLANG_WARN_STRICT_PROTOTYPES = YES;
				CLANG_WARN_SUSPICIOUS_MOVE = YES;
				CLANG_WARN_UNGUARDED_AVAILABILITY = YES_AGGRESSIVE;
				CLANG_WARN_UNREACHABLE_CODE = YES;
				CLANG_WARN__DUPLICATE_METHOD_MATCH = YES;
				COPY_PHASE_STRIP = NO;
				CURRENT_PROJECT_VERSION = 1;
				DEBUG_INFORMATION_FORMAT = "dwarf-with-dsym";
				ENABLE_NS_ASSERTIONS = NO;
				ENABLE_STRICT_OBJC_MSGSEND = YES;
				GCC_C_LANGUAGE_STANDARD = gnu11;
				GCC_NO_COMMON_BLOCKS = YES;
				GCC_WARN_64_TO_32_BIT_CONVERSION = YES;
				GCC_WARN_ABOUT_RETURN_TYPE = YES_ERROR;
				GCC_WARN_UNDECLARED_SELECTOR = YES;
				GCC_WARN_UNINITIALIZED_AUTOS = YES_AGGRESSIVE;
				GCC_WARN_UNUSED_FUNCTION = YES;
				GCC_WARN_UNUSED_VARIABLE = YES;
				IPHONEOS_DEPLOYMENT_TARGET = 15.0;
				MTL_ENABLE_DEBUG_INFO = NO;
				MTL_FAST_MATH = YES;
				SDKROOT = iphoneos;
				SWIFT_COMPILATION_MODE = wholemodule;
				SWIFT_OPTIMIZATION_LEVEL = "-O";
				VALIDATE_PRODUCT = YES;
				VERSIONING_SYSTEM = "apple-generic";
				VERSION_INFO_PREFIX = "";
			};
			name = Release;
		};
		4CE6F70027503659006817C6 /* Debug */ = {
			isa = XCBuildConfiguration;
			buildSettings = {
				BUILD_LIBRARY_FOR_DISTRIBUTION = YES;
				CODE_SIGN_STYLE = Automatic;
				CURRENT_PROJECT_VERSION = 1;
				DEFINES_MODULE = YES;
				DEVELOPMENT_TEAM = 6H4TY4MP42;
				DYLIB_COMPATIBILITY_VERSION = 1;
				DYLIB_CURRENT_VERSION = 1;
				DYLIB_INSTALL_NAME_BASE = "@rpath";
				GENERATE_INFOPLIST_FILE = YES;
				INFOPLIST_KEY_NSHumanReadableCopyright = "";
				INSTALL_PATH = "$(LOCAL_LIBRARY_DIR)/Frameworks";
				LD_RUNPATH_SEARCH_PATHS = (
					"$(inherited)",
					"@executable_path/Frameworks",
					"@loader_path/Frameworks",
				);
				MARKETING_VERSION = 1.0;
				PRODUCT_BUNDLE_IDENTIFIER = com.maruashvililasha.UranNetworking;
				PRODUCT_NAME = "$(TARGET_NAME:c99extidentifier)";
				SKIP_INSTALL = YES;
				SWIFT_EMIT_LOC_STRINGS = YES;
				SWIFT_VERSION = 5.0;
				TARGETED_DEVICE_FAMILY = "1,2";
			};
			name = Debug;
		};
		4CE6F70127503659006817C6 /* Release */ = {
			isa = XCBuildConfiguration;
			buildSettings = {
				BUILD_LIBRARY_FOR_DISTRIBUTION = YES;
				CODE_SIGN_STYLE = Automatic;
				CURRENT_PROJECT_VERSION = 1;
				DEFINES_MODULE = YES;
				DEVELOPMENT_TEAM = 6H4TY4MP42;
				DYLIB_COMPATIBILITY_VERSION = 1;
				DYLIB_CURRENT_VERSION = 1;
				DYLIB_INSTALL_NAME_BASE = "@rpath";
				GENERATE_INFOPLIST_FILE = YES;
				INFOPLIST_KEY_NSHumanReadableCopyright = "";
				INSTALL_PATH = "$(LOCAL_LIBRARY_DIR)/Frameworks";
				LD_RUNPATH_SEARCH_PATHS = (
					"$(inherited)",
					"@executable_path/Frameworks",
					"@loader_path/Frameworks",
				);
				MARKETING_VERSION = 1.0;
				PRODUCT_BUNDLE_IDENTIFIER = com.maruashvililasha.UranNetworking;
				PRODUCT_NAME = "$(TARGET_NAME:c99extidentifier)";
				SKIP_INSTALL = YES;
				SWIFT_EMIT_LOC_STRINGS = YES;
				SWIFT_VERSION = 5.0;
				TARGETED_DEVICE_FAMILY = "1,2";
			};
			name = Release;
		};
		4CE6F70327503659006817C6 /* Debug */ = {
			isa = XCBuildConfiguration;
			buildSettings = {
				ALWAYS_EMBED_SWIFT_STANDARD_LIBRARIES = YES;
				CODE_SIGN_STYLE = Automatic;
				CURRENT_PROJECT_VERSION = 1;
				DEVELOPMENT_TEAM = 6H4TY4MP42;
				GENERATE_INFOPLIST_FILE = YES;
				LD_RUNPATH_SEARCH_PATHS = (
					"$(inherited)",
					"@executable_path/Frameworks",
					"@loader_path/Frameworks",
				);
				MARKETING_VERSION = 1.0;
				PRODUCT_BUNDLE_IDENTIFIER = com.maruashvililasha.UranNetworkingTests;
				PRODUCT_NAME = "$(TARGET_NAME)";
				SWIFT_EMIT_LOC_STRINGS = NO;
				SWIFT_VERSION = 5.0;
				TARGETED_DEVICE_FAMILY = "1,2";
			};
			name = Debug;
		};
		4CE6F70427503659006817C6 /* Release */ = {
			isa = XCBuildConfiguration;
			buildSettings = {
				ALWAYS_EMBED_SWIFT_STANDARD_LIBRARIES = YES;
				CODE_SIGN_STYLE = Automatic;
				CURRENT_PROJECT_VERSION = 1;
				DEVELOPMENT_TEAM = 6H4TY4MP42;
				GENERATE_INFOPLIST_FILE = YES;
				LD_RUNPATH_SEARCH_PATHS = (
					"$(inherited)",
					"@executable_path/Frameworks",
					"@loader_path/Frameworks",
				);
				MARKETING_VERSION = 1.0;
				PRODUCT_BUNDLE_IDENTIFIER = com.maruashvililasha.UranNetworkingTests;
				PRODUCT_NAME = "$(TARGET_NAME)";
				SWIFT_EMIT_LOC_STRINGS = NO;
				SWIFT_VERSION = 5.0;
				TARGETED_DEVICE_FAMILY = "1,2";
			};
			name = Release;
		};
/* End XCBuildConfiguration section */

/* Begin XCConfigurationList section */
		4CE6F6E527503659006817C6 /* Build configuration list for PBXProject "UranNetworking" */ = {
			isa = XCConfigurationList;
			buildConfigurations = (
				4CE6F6FD27503659006817C6 /* Debug */,
				4CE6F6FE27503659006817C6 /* Release */,
			);
			defaultConfigurationIsVisible = 0;
			defaultConfigurationName = Release;
		};
		4CE6F6FF27503659006817C6 /* Build configuration list for PBXNativeTarget "UranNetworking" */ = {
			isa = XCConfigurationList;
			buildConfigurations = (
				4CE6F70027503659006817C6 /* Debug */,
				4CE6F70127503659006817C6 /* Release */,
			);
			defaultConfigurationIsVisible = 0;
			defaultConfigurationName = Release;
		};
		4CE6F70227503659006817C6 /* Build configuration list for PBXNativeTarget "UranNetworkingTests" */ = {
			isa = XCConfigurationList;
			buildConfigurations = (
				4CE6F70327503659006817C6 /* Debug */,
				4CE6F70427503659006817C6 /* Release */,
			);
			defaultConfigurationIsVisible = 0;
			defaultConfigurationName = Release;
		};
/* End XCConfigurationList section */
	};
	rootObject = 4CE6F6E227503659006817C6 /* Project object */;
}
